
Microsoft Visual Studio Solution File, Format Version 12.00
# Visual Studio 14
VisualStudioVersion = 14.0.24720.0
MinimumVisualStudioVersion = 10.0.40219.1
Project("{FAE04EC0-301F-11D3-BF4B-00C04F79EFBC}") = "WebTest", "WebTest\WebTest.csproj", "{2DDEA3F6-36D3-42EC-8D86-72D17E4095C5}"
EndProject
Project("{FAE04EC0-301F-11D3-BF4B-00C04F79EFBC}") = "ConsoleTest", "ConsoleTest\ConsoleTest.csproj", "{1C84C4FE-F5F9-44E1-BF35-732F39FD3F84}"
EndProject
Project("{FAE04EC0-301F-11D3-BF4B-00C04F79EFBC}") = "WindowsFormsTest", "WindowsFormsTest\WindowsFormsTest.csproj", "{E0B58D3E-AC8E-436D-8600-C3AA48B7EC25}"
EndProject
Project("{FAE04EC0-301F-11D3-BF4B-00C04F79EFBC}") = "Common", "Common\Common.csproj", "{D35EC83F-E51F-4C82-BEBD-1B50A5ADD908}"
EndProject
Global
	GlobalSection(SolutionConfigurationPlatforms) = preSolution
		Debug|Any CPU = Debug|Any CPU
		Release|Any CPU = Release|Any CPU
	EndGlobalSection
	GlobalSection(ProjectConfigurationPlatforms) = postSolution
		{2DDEA3F6-36D3-42EC-8D86-72D17E4095C5}.Debug|Any CPU.ActiveCfg = Debug|Any CPU
		{2DDEA3F6-36D3-42EC-8D86-72D17E4095C5}.Debug|Any CPU.Build.0 = Debug|Any CPU
		{2DDEA3F6-36D3-42EC-8D86-72D17E4095C5}.Release|Any CPU.ActiveCfg = Release|Any CPU
		{2DDEA3F6-36D3-42EC-8D86-72D17E4095C5}.Release|Any CPU.Build.0 = Release|Any CPU
		{1C84C4FE-F5F9-44E1-BF35-732F39FD3F84}.Debug|Any CPU.ActiveCfg = Debug|Any CPU
		{1C84C4FE-F5F9-44E1-BF35-732F39FD3F84}.Debug|Any CPU.Build.0 = Debug|Any CPU
		{1C84C4FE-F5F9-44E1-BF35-732F39FD3F84}.Release|Any CPU.ActiveCfg = Release|Any CPU
		{1C84C4FE-F5F9-44E1-BF35-732F39FD3F84}.Release|Any CPU.Build.0 = Release|Any CPU
		{E0B58D3E-AC8E-436D-8600-C3AA48B7EC25}.Debug|Any CPU.ActiveCfg = Debug|Any CPU
		{E0B58D3E-AC8E-436D-8600-C3AA48B7EC25}.Debug|Any CPU.Build.0 = Debug|Any CPU
		{E0B58D3E-AC8E-436D-8600-C3AA48B7EC25}.Release|Any CPU.ActiveCfg = Release|Any CPU
		{E0B58D3E-AC8E-436D-8600-C3AA48B7EC25}.Release|Any CPU.Build.0 = Release|Any CPU
		{D35EC83F-E51F-4C82-BEBD-1B50A5ADD908}.Debug|Any CPU.ActiveCfg = Debug|Any CPU
		{D35EC83F-E51F-4C82-BEBD-1B50A5ADD908}.Debug|Any CPU.Build.0 = Debug|Any CPU
		{D35EC83F-E51F-4C82-BEBD-1B50A5ADD908}.Release|Any CPU.ActiveCfg = Release|Any CPU
		{D35EC83F-E51F-4C82-BEBD-1B50A5ADD908}.Release|Any CPU.Build.0 = Release|Any CPU
	EndGlobalSection
	GlobalSection(SolutionProperties) = preSolution
		HideSolutionNode = FALSE
	EndGlobalSection
EndGlobal
